
Microsoft Visual Studio Solution File, Format Version 12.00
# Visual Studio Version 17
VisualStudioVersion = 17.13.35825.156
MinimumVisualStudioVersion = 10.0.40219.1
Project("{2150E333-8FDC-42A3-9474-1A3956D46DE8}") = "Solution Items", "Solution Items", "{02EA681E-C7D8-13C7-8484-4AC65E1B71E8}"
	ProjectSection(SolutionItems) = preProject
		.editorconfig = .editorconfig
		Directory.Build.props = Directory.Build.props
		Directory.Packages.props = Directory.Packages.props
	EndProjectSection
EndProject
Project("{2150E333-8FDC-42A3-9474-1A3956D46DE8}") = "src", "src", "{B8C16066-ECEE-499E-A4B8-8749B69452A6}"
EndProject
Project("{2150E333-8FDC-42A3-9474-1A3956D46DE8}") = "tests", "tests", "{607EE5C7-85AD-48FC-A317-3E60757A4539}"
EndProject
Project("{FAE04EC0-301F-11D3-BF4B-00C04F79EFBC}") = "DotNetOnion.Template.WebApi", "src\DotNetOnion.Template.WebApi\DotNetOnion.Template.WebApi.csproj", "{16CE08C2-3561-47EF-8D81-2FB89C97E1B0}"
EndProject
Project("{FAE04EC0-301F-11D3-BF4B-00C04F79EFBC}") = "DotNetOnion.Template.Architecture.UnitTests", "tests\DotNetOnion.Template.Architecture.UnitTests\DotNetOnion.Template.Architecture.UnitTests.csproj", "{D1B25EB2-1BC9-4FAB-8C6A-FB120C0E0768}"
EndProject
Global
	GlobalSection(SolutionConfigurationPlatforms) = preSolution
		Debug|Any CPU = Debug|Any CPU
		Release|Any CPU = Release|Any CPU
	EndGlobalSection
	GlobalSection(ProjectConfigurationPlatforms) = postSolution
		{16CE08C2-3561-47EF-8D81-2FB89C97E1B0}.Debug|Any CPU.ActiveCfg = Debug|Any CPU
		{16CE08C2-3561-47EF-8D81-2FB89C97E1B0}.Debug|Any CPU.Build.0 = Debug|Any CPU
		{16CE08C2-3561-47EF-8D81-2FB89C97E1B0}.Release|Any CPU.ActiveCfg = Release|Any CPU
		{16CE08C2-3561-47EF-8D81-2FB89C97E1B0}.Release|Any CPU.Build.0 = Release|Any CPU
		{D1B25EB2-1BC9-4FAB-8C6A-FB120C0E0768}.Debug|Any CPU.ActiveCfg = Debug|Any CPU
		{D1B25EB2-1BC9-4FAB-8C6A-FB120C0E0768}.Debug|Any CPU.Build.0 = Debug|Any CPU
		{D1B25EB2-1BC9-4FAB-8C6A-FB120C0E0768}.Release|Any CPU.ActiveCfg = Release|Any CPU
		{D1B25EB2-1BC9-4FAB-8C6A-FB120C0E0768}.Release|Any CPU.Build.0 = Release|Any CPU
	EndGlobalSection
	GlobalSection(SolutionProperties) = preSolution
		HideSolutionNode = FALSE
	EndGlobalSection
	GlobalSection(NestedProjects) = preSolution
		{16CE08C2-3561-47EF-8D81-2FB89C97E1B0} = {B8C16066-ECEE-499E-A4B8-8749B69452A6}
		{D1B25EB2-1BC9-4FAB-8C6A-FB120C0E0768} = {607EE5C7-85AD-48FC-A317-3E60757A4539}
	EndGlobalSection
	GlobalSection(ExtensibilityGlobals) = postSolution
		SolutionGuid = {01D22C33-4072-4D5B-83A0-916EBC3B4FC6}
	EndGlobalSection
EndGlobal
